
Microsoft Visual Studio Solution File, Format Version 12.00
# Visual Studio Version 17
VisualStudioVersion = 17.3.32819.101
MinimumVisualStudioVersion = 10.0.40219.1
Project("{FAE04EC0-301F-11D3-BF4B-00C04F79EFBC}") = "OODFinalSnakeProject", "OODFinalSnakeProject\OODFinalSnakeProject.csproj", "{E49637A1-D650-46F1-B69C-C6CDE77786BE}"
EndProject
Global
	GlobalSection(SolutionConfigurationPlatforms) = preSolution
		Debug|Any CPU = Debug|Any CPU
		Release|Any CPU = Release|Any CPU
	EndGlobalSection
	GlobalSection(ProjectConfigurationPlatforms) = postSolution
		{E49637A1-D650-46F1-B69C-C6CDE77786BE}.Debug|Any CPU.ActiveCfg = Debug|Any CPU
		{E49637A1-D650-46F1-B69C-C6CDE77786BE}.Debug|Any CPU.Build.0 = Debug|Any CPU
		{E49637A1-D650-46F1-B69C-C6CDE77786BE}.Release|Any CPU.ActiveCfg = Release|Any CPU
		{E49637A1-D650-46F1-B69C-C6CDE77786BE}.Release|Any CPU.Build.0 = Release|Any CPU
	EndGlobalSection
	GlobalSection(SolutionProperties) = preSolution
		HideSolutionNode = FALSE
	EndGlobalSection
	GlobalSection(ExtensibilityGlobals) = postSolution
		SolutionGuid = {10A16DA9-77B5-49A9-A80E-2CF07EA28CBA}
	EndGlobalSection
EndGlobal
